
Microsoft Visual Studio Solution File, Format Version 12.00
# Visual Studio Version 16
VisualStudioVersion = 16.0.30711.63
MinimumVisualStudioVersion = 10.0.40219.1
Project("{FAE04EC0-301F-11D3-BF4B-00C04F79EFBC}") = "MySqlCrud", "MySqlCrud\MySqlCrud.csproj", "{0C654AAA-D3EF-4046-A73D-762BB5292F39}"
EndProject
Global
	GlobalSection(SolutionConfigurationPlatforms) = preSolution
		Debug|Any CPU = Debug|Any CPU
		Release|Any CPU = Release|Any CPU
	EndGlobalSection
	GlobalSection(ProjectConfigurationPlatforms) = postSolution
		{0C654AAA-D3EF-4046-A73D-762BB5292F39}.Debug|Any CPU.ActiveCfg = Debug|Any CPU
		{0C654AAA-D3EF-4046-A73D-762BB5292F39}.Debug|Any CPU.Build.0 = Debug|Any CPU
		{0C654AAA-D3EF-4046-A73D-762BB5292F39}.Release|Any CPU.ActiveCfg = Release|Any CPU
		{0C654AAA-D3EF-4046-A73D-762BB5292F39}.Release|Any CPU.Build.0 = Release|Any CPU
	EndGlobalSection
	GlobalSection(SolutionProperties) = preSolution
		HideSolutionNode = FALSE
	EndGlobalSection
	GlobalSection(ExtensibilityGlobals) = postSolution
		SolutionGuid = {C62EB84A-3B2F-48B8-BB48-50BF60F3F57F}
	EndGlobalSection
EndGlobal
